
Microsoft Visual Studio Solution File, Format Version 12.00
# Visual Studio Version 16
VisualStudioVersion = 16.0.31005.135
MinimumVisualStudioVersion = 10.0.40219.1
Project("{FAE04EC0-301F-11D3-BF4B-00C04F79EFBC}") = "AquaVeil", "AquaVeil\AquaVeil.csproj", "{70CAA168-D315-43D8-A732-C89DA953F7F0}"
EndProject
Project("{FAE04EC0-301F-11D3-BF4B-00C04F79EFBC}") = "AquaVeilV1", "AquaVeilV1\AquaVeilV1.csproj", "{A7FC3E1A-5E9F-43F7-AF03-B9C6D1E71C99}"
EndProject
Project("{FAE04EC0-301F-11D3-BF4B-00C04F79EFBC}") = "WaterfallSwingWPF", "WaterfallSwingWPF\WaterfallSwingWPF.csproj", "{FFACC1EC-B99E-4C7B-9715-DB12FDC18CAC}"
EndProject
Global
	GlobalSection(SolutionConfigurationPlatforms) = preSolution
		Debug|Any CPU = Debug|Any CPU
		Release|Any CPU = Release|Any CPU
	EndGlobalSection
	GlobalSection(ProjectConfigurationPlatforms) = postSolution
		{70CAA168-D315-43D8-A732-C89DA953F7F0}.Debug|Any CPU.ActiveCfg = Debug|Any CPU
		{70CAA168-D315-43D8-A732-C89DA953F7F0}.Debug|Any CPU.Build.0 = Debug|Any CPU
		{70CAA168-D315-43D8-A732-C89DA953F7F0}.Release|Any CPU.ActiveCfg = Release|Any CPU
		{70CAA168-D315-43D8-A732-C89DA953F7F0}.Release|Any CPU.Build.0 = Release|Any CPU
		{A7FC3E1A-5E9F-43F7-AF03-B9C6D1E71C99}.Debug|Any CPU.ActiveCfg = Debug|Any CPU
		{A7FC3E1A-5E9F-43F7-AF03-B9C6D1E71C99}.Debug|Any CPU.Build.0 = Debug|Any CPU
		{A7FC3E1A-5E9F-43F7-AF03-B9C6D1E71C99}.Release|Any CPU.ActiveCfg = Release|Any CPU
		{A7FC3E1A-5E9F-43F7-AF03-B9C6D1E71C99}.Release|Any CPU.Build.0 = Release|Any CPU
		{FFACC1EC-B99E-4C7B-9715-DB12FDC18CAC}.Debug|Any CPU.ActiveCfg = Debug|Any CPU
		{FFACC1EC-B99E-4C7B-9715-DB12FDC18CAC}.Debug|Any CPU.Build.0 = Debug|Any CPU
		{FFACC1EC-B99E-4C7B-9715-DB12FDC18CAC}.Release|Any CPU.ActiveCfg = Release|Any CPU
		{FFACC1EC-B99E-4C7B-9715-DB12FDC18CAC}.Release|Any CPU.Build.0 = Release|Any CPU
	EndGlobalSection
	GlobalSection(SolutionProperties) = preSolution
		HideSolutionNode = FALSE
	EndGlobalSection
	GlobalSection(ExtensibilityGlobals) = postSolution
		SolutionGuid = {F5202F32-980B-4E2E-BD89-F1FE15A688F1}
	EndGlobalSection
EndGlobal
